
Microsoft Visual Studio Solution File, Format Version 12.00
# Visual Studio Version 16
VisualStudioVersion = 16.0.29020.237
MinimumVisualStudioVersion = 10.0.40219.1
Project("{FAE04EC0-301F-11D3-BF4B-00C04F79EFBC}") = "Concatenation of Strings, Applying a Discount, Quotient and Remainder", "Concatenation of Strings, Applying a Discount, Quotient and Remainder.csproj", "{60C31358-5DB7-48A6-B486-8217D74F34EE}"
EndProject
Global
	GlobalSection(SolutionConfigurationPlatforms) = preSolution
		Debug|Any CPU = Debug|Any CPU
		Release|Any CPU = Release|Any CPU
	EndGlobalSection
	GlobalSection(ProjectConfigurationPlatforms) = postSolution
		{60C31358-5DB7-48A6-B486-8217D74F34EE}.Debug|Any CPU.ActiveCfg = Debug|Any CPU
		{60C31358-5DB7-48A6-B486-8217D74F34EE}.Debug|Any CPU.Build.0 = Debug|Any CPU
		{60C31358-5DB7-48A6-B486-8217D74F34EE}.Release|Any CPU.ActiveCfg = Release|Any CPU
		{60C31358-5DB7-48A6-B486-8217D74F34EE}.Release|Any CPU.Build.0 = Release|Any CPU
	EndGlobalSection
	GlobalSection(SolutionProperties) = preSolution
		HideSolutionNode = FALSE
	EndGlobalSection
	GlobalSection(ExtensibilityGlobals) = postSolution
		SolutionGuid = {2AADFA45-FA72-4013-9D06-DA44E753411A}
	EndGlobalSection
EndGlobal
